{
  "name": "napchart-v8",
  "version": "0.1.0",
  "lockfileVersion": 1,
  "requires": true,
  "dependencies": {
    "two.js": {
      "version": "0.7.0-alpha.1",
      "resolved": "https://registry.npmjs.org/two.js/-/two.js-0.7.0-alpha.1.tgz",
      "integrity": "sha1-haRewi/T6NJ2eW4Bl+WHcZIApZg="
    }
  }
}
